
Microsoft Visual Studio Solution File, Format Version 12.00
# Visual Studio Version 16
VisualStudioVersion = 25.0.1705.6
MinimumVisualStudioVersion = 10.0.40219.1
Project("{FAE04EC0-301F-11D3-BF4B-00C04F79EFBC}") = "Skeleton", "Skeleton.csproj", "{097CB0F2-198F-429D-86C0-60F67F3CBB65}"
EndProject
Global
	GlobalSection(SolutionConfigurationPlatforms) = preSolution
		Debug|Any CPU = Debug|Any CPU
		Release|Any CPU = Release|Any CPU
	EndGlobalSection
	GlobalSection(ProjectConfigurationPlatforms) = postSolution
		{097CB0F2-198F-429D-86C0-60F67F3CBB65}.Debug|Any CPU.ActiveCfg = Debug|Any CPU
		{097CB0F2-198F-429D-86C0-60F67F3CBB65}.Debug|Any CPU.Build.0 = Debug|Any CPU
		{097CB0F2-198F-429D-86C0-60F67F3CBB65}.Release|Any CPU.ActiveCfg = Release|Any CPU
		{097CB0F2-198F-429D-86C0-60F67F3CBB65}.Release|Any CPU.Build.0 = Release|Any CPU
	EndGlobalSection
	GlobalSection(SolutionProperties) = preSolution
		HideSolutionNode = FALSE
	EndGlobalSection
	GlobalSection(ExtensibilityGlobals) = postSolution
		SolutionGuid = {2AFD42B2-ADF3-4AE4-9156-2FEA6FFC206D}
	EndGlobalSection
EndGlobal
